{
  "nodes": {
    "codex_binary": {
      "flake": false,
      "locked": {
        "lastModified": 1759778032,
        "narHash": "sha256-CMZxlmPE6tZjKsHaEB/V/WvOuFzz9abOjHqPNFyXeNY=",
        "type": "tarball",
        "url": "https://github.com/openai/codex/releases/latest/download/codex-x86_64-unknown-linux-musl.tar.gz"
      },
      "original": {
        "type": "tarball",
        "url": "https://github.com/openai/codex/releases/latest/download/codex-x86_64-unknown-linux-musl.tar.gz"
      }
    },
    "codex_release_meta": {
      "flake": false,
      "locked": {
        "narHash": "sha256-WYUetsGRyg5a3Kj9VdbK971uK5fKM5IJFHgJJnC07jo=",
        "type": "file",
        "url": "https://api.github.com/repos/openai/codex/releases/latest"
      },
      "original": {
        "type": "file",
        "url": "https://api.github.com/repos/openai/codex/releases/latest"
      }
    },
    "dotfiles": {
      "flake": false,
      "locked": {
        "lastModified": 1758071786,
        "narHash": "sha256-0wS1vKfEQTWpboJd991H/RwShs/0HIoJpqY6qpeX0qU=",
        "owner": "LikelyLucid",
        "repo": "dotfiles",
        "rev": "01e3ee5780763f4c31f37d279cac658cddf7ff14",
        "type": "github"
      },
      "original": {
        "owner": "LikelyLucid",
        "repo": "dotfiles",
        "type": "github"
      }
    },
    "flake-compat": {
      "flake": false,
      "locked": {
        "lastModified": 1747046372,
        "narHash": "sha256-CIVLLkVgvHYbgI2UpXvIIBJ12HWgX+fjA8Xf8PUmqCY=",
        "owner": "edolstra",
        "repo": "flake-compat",
        "rev": "9100a0f413b0c601e0533d1d94ffd501ce2e7885",
        "type": "github"
      },
      "original": {
        "owner": "edolstra",
        "repo": "flake-compat",
        "type": "github"
      }
    },
    "home-manager": {
      "inputs": {
        "nixpkgs": [
          "nixpkgs"
        ]
      },
      "locked": {
        "lastModified": 1759761710,
        "narHash": "sha256-6ZG7VZZsbg39gtziGSvCJKurhIahIuiCn+W6TGB5kOU=",
        "owner": "nix-community",
        "repo": "home-manager",
        "rev": "929535c3082afdf0b18afec5ea1ef14d7689ff1c",
        "type": "github"
      },
      "original": {
        "owner": "nix-community",
        "repo": "home-manager",
        "type": "github"
      }
    },
    "lazyvim-config": {
      "flake": false,
      "locked": {
        "lastModified": 1750183274,
        "narHash": "sha256-egSyfAlG9gnsMPzRryBhiqZter0tQMsRQ9+8YkVPfHI=",
        "owner": "LikelyLucid",
        "repo": "lazyvim-dotfiles",
        "rev": "1ca3b6a5a26a03f601012955647fd77e307c6ee0",
        "type": "github"
      },
      "original": {
        "owner": "LikelyLucid",
        "repo": "lazyvim-dotfiles",
        "type": "github"
      }
    },
    "nixos-hardware": {
      "locked": {
        "lastModified": 1759582739,
        "narHash": "sha256-spZegilADH0q5OngM86u6NmXxduCNv5eX9vCiUPhOYc=",
        "owner": "NixOS",
        "repo": "nixos-hardware",
        "rev": "3441b5242af7577230a78ffb03542add264179ab",
        "type": "github"
      },
      "original": {
        "owner": "NixOS",
        "repo": "nixos-hardware",
        "type": "github"
      }
    },
    "nixos-wsl": {
      "inputs": {
        "flake-compat": "flake-compat",
        "nixpkgs": [
          "nixpkgs"
        ]
      },
      "locked": {
        "lastModified": 1759348509,
        "narHash": "sha256-at9xMhxMP65JYWlGWYJ412VKbS+tXkTM3f5t9Q8IyMA=",
        "owner": "nix-community",
        "repo": "nixos-wsl",
        "rev": "d96dda76c1f1827634ddf28d386feabd2d135d21",
        "type": "github"
      },
      "original": {
        "owner": "nix-community",
        "repo": "nixos-wsl",
        "type": "github"
      }
    },
    "nixpkgs": {
      "locked": {
        "lastModified": 1759381078,
        "narHash": "sha256-gTrEEp5gEspIcCOx9PD8kMaF1iEmfBcTbO0Jag2QhQs=",
        "owner": "NixOS",
        "repo": "nixpkgs",
        "rev": "7df7ff7d8e00218376575f0acdcc5d66741351ee",
        "type": "github"
      },
      "original": {
        "owner": "NixOS",
        "ref": "nixos-unstable",
        "repo": "nixpkgs",
        "type": "github"
      }
    },
    "root": {
      "inputs": {
        "codex_binary": "codex_binary",
        "codex_release_meta": "codex_release_meta",
        "dotfiles": "dotfiles",
        "home-manager": "home-manager",
        "lazyvim-config": "lazyvim-config",
        "nixos-hardware": "nixos-hardware",
        "nixos-wsl": "nixos-wsl",
        "nixpkgs": "nixpkgs",
        "sops-nix": "sops-nix",
        "zenBrowser": "zenBrowser"
      }
    },
    "sops-nix": {
      "inputs": {
        "nixpkgs": [
          "nixpkgs"
        ]
      },
      "locked": {
        "lastModified": 1759635238,
        "narHash": "sha256-UvzKi02LMFP74csFfwLPAZ0mrE7k6EiYaKecplyX9Qk=",
        "owner": "Mic92",
        "repo": "sops-nix",
        "rev": "6e5a38e08a2c31ae687504196a230ae00ea95133",
        "type": "github"
      },
      "original": {
        "owner": "Mic92",
        "repo": "sops-nix",
        "type": "github"
      }
    },
    "zenBrowser": {
      "inputs": {
        "home-manager": [
          "home-manager"
        ],
        "nixpkgs": [
          "nixpkgs"
        ]
      },
      "locked": {
        "lastModified": 1759724568,
        "narHash": "sha256-i/+YcMMMFXeUKWbR683eoxyz+4Jcb01MHVCjj6OHl0Y=",
        "owner": "0xc000022070",
        "repo": "zen-browser-flake",
        "rev": "b63e1644c96baaaccb78f8d3101f39fbfee733cb",
        "type": "github"
      },
      "original": {
        "owner": "0xc000022070",
        "repo": "zen-browser-flake",
        "type": "github"
      }
    }
  },
  "root": "root",
  "version": 7
}
